{
  "name": "pedro-lib-usage",
  "version": "1.0.0",
  "lockfileVersion": 1,
  "requires": true,
  "dependencies": {
    "pedro-lib": {
      "version": "1.1.0",
      "resolved": "https://registry.npmjs.org/pedro-lib/-/pedro-lib-1.1.0.tgz",
      "integrity": "sha512-4sHmVJb8ALhltynoRndMAybWNDLzHE28Cj9ZIqmIvJ9j4sxbfGrEYLtiozPSUE2hSlu/+eHL+Q5arL6QIAorAw=="
    }
  }
}
